// !$*UTF8*$!
{
	archiveVersion = 1;
	classes = {
	};
	objectVersion = 46;
	objects = {

/* Begin PBXBuildFile section */
		63B2E34811C6FAF2002A6DEE /* SecurityInterface.framework in Frameworks */ = {isa = PBXBuildFile; fileRef = 63B2E34711C6FAF2002A6DEE /* SecurityInterface.framework */; };
		8D202CEA0486D31800D8A456 /* chmodd_prefpane_Prefix.pch in Headers */ = {isa = PBXBuildFile; fileRef = 32DBCFA20370C41700C91783 /* chmodd_prefpane_Prefix.pch */; };
		8D202CEB0486D31800D8A456 /* chmodd_prefpanePref.h in Headers */ = {isa = PBXBuildFile; fileRef = F506C03C013D9D7901CA16C8 /* chmodd_prefpanePref.h */; };
		8D202CED0486D31800D8A456 /* InfoPlist.strings in Resources */ = {isa = PBXBuildFile; fileRef = 089C167DFE841241C02AAC07 /* InfoPlist.strings */; };
		8D202CEE0486D31800D8A456 /* chmodd_prefpanePref.tiff in Resources */ = {isa = PBXBuildFile; fileRef = F506C040013D9D8001CA16C8 /* chmodd_prefpanePref.tiff */; };
		8D202CEF0486D31800D8A456 /* chmodd_prefpanePref.xib in Resources */ = {isa = PBXBuildFile; fileRef = F506C042013D9D8C01CA16C8 /* chmodd_prefpanePref.xib */; };
		8D202CF10486D31800D8A456 /* chmodd_prefpanePref.m in Sources */ = {isa = PBXBuildFile; fileRef = F506C03D013D9D7901CA16C8 /* chmodd_prefpanePref.m */; };
		A919FA3311BDC338004C75BC /* Cocoa.framework in Frameworks */ = {isa = PBXBuildFile; fileRef = A919FA3211BDC338004C75BC /* Cocoa.framework */; };
		A919FA3511BDC338004C75BC /* PreferencePanes.framework in Frameworks */ = {isa = PBXBuildFile; fileRef = A919FA3411BDC338004C75BC /* PreferencePanes.framework */; };
		A919FA3B11BDC346004C75BC /* Security.framework in Frameworks */ = {isa = PBXBuildFile; fileRef = A919FA3A11BDC346004C75BC /* Security.framework */; };
		A919FA3C11BDC353004C75BC /* Security.framework in Frameworks */ = {isa = PBXBuildFile; fileRef = A919FA3A11BDC346004C75BC /* Security.framework */; };
		A973D04411D029BA0050BDB1 /* com.backlight.chmodd.plist in Resources */ = {isa = PBXBuildFile; fileRef = A973D04311D029BA0050BDB1 /* com.backlight.chmodd.plist */; };
		A9C5948914A39D4700AED253 /* chmodd_prefpane_helper in Resources */ = {isa = PBXBuildFile; fileRef = A919FA2711BDC2D9004C75BC /* chmodd_prefpane_helper */; };
		A9CE886711BEE3E50076ED35 /* helper.c in Sources */ = {isa = PBXBuildFile; fileRef = A9CE886611BEE3E50076ED35 /* helper.c */; };
/* End PBXBuildFile section */

/* Begin PBXContainerItemProxy section */
		A919FA2B11BDC2EB004C75BC /* PBXContainerItemProxy */ = {
			isa = PBXContainerItemProxy;
			containerPortal = 089C1669FE841209C02AAC07 /* Project object */;
			proxyType = 1;
			remoteGlobalIDString = A919FA2611BDC2D9004C75BC;
			remoteInfo = chmodd_prefpane_helper;
		};
/* End PBXContainerItemProxy section */

/* Begin PBXFileReference section */
		089C1672FE841209C02AAC07 /* Foundation.framework */ = {isa = PBXFileReference; lastKnownFileType = wrapper.framework; name = Foundation.framework; path = /System/Library/Frameworks/Foundation.framework; sourceTree = "<absolute>"; };
		089C167EFE841241C02AAC07 /* English */ = {isa = PBXFileReference; fileEncoding = 10; lastKnownFileType = text.plist.strings; name = English; path = English.lproj/InfoPlist.strings; sourceTree = "<group>"; };
		089C167FFE841241C02AAC07 /* AppKit.framework */ = {isa = PBXFileReference; lastKnownFileType = wrapper.framework; name = AppKit.framework; path = /System/Library/Frameworks/AppKit.framework; sourceTree = "<absolute>"; };
		1058C7ADFEA557BF11CA2CBB /* Cocoa.framework */ = {isa = PBXFileReference; lastKnownFileType = wrapper.framework; name = Cocoa.framework; path = /System/Library/Frameworks/Cocoa.framework; sourceTree = "<absolute>"; };
		32DBCFA20370C41700C91783 /* chmodd_prefpane_Prefix.pch */ = {isa = PBXFileReference; fileEncoding = 4; lastKnownFileType = sourcecode.c.h; path = chmodd_prefpane_Prefix.pch; sourceTree = "<group>"; };
		63B2E34711C6FAF2002A6DEE /* SecurityInterface.framework */ = {isa = PBXFileReference; lastKnownFileType = wrapper.framework; name = SecurityInterface.framework; path = System/Library/Frameworks/SecurityInterface.framework; sourceTree = SDKROOT; };
		8D202CF70486D31800D8A456 /* Info.plist */ = {isa = PBXFileReference; fileEncoding = 4; lastKnownFileType = text.plist; path = Info.plist; sourceTree = "<group>"; };
		8D202CF80486D31800D8A456 /* chmodd_prefpane.prefPane */ = {isa = PBXFileReference; explicitFileType = wrapper.cfbundle; includeInIndex = 0; path = chmodd_prefpane.prefPane; sourceTree = BUILT_PRODUCTS_DIR; };
		A919FA2711BDC2D9004C75BC /* chmodd_prefpane_helper */ = {isa = PBXFileReference; explicitFileType = "compiled.mach-o.executable"; includeInIndex = 0; path = chmodd_prefpane_helper; sourceTree = BUILT_PRODUCTS_DIR; };
		A919FA3211BDC338004C75BC /* Cocoa.framework */ = {isa = PBXFileReference; lastKnownFileType = wrapper.framework; name = Cocoa.framework; path = System/Library/Frameworks/Cocoa.framework; sourceTree = SDKROOT; };
		A919FA3411BDC338004C75BC /* PreferencePanes.framework */ = {isa = PBXFileReference; lastKnownFileType = wrapper.framework; name = PreferencePanes.framework; path = System/Library/Frameworks/PreferencePanes.framework; sourceTree = SDKROOT; };
		A919FA3A11BDC346004C75BC /* Security.framework */ = {isa = PBXFileReference; lastKnownFileType = wrapper.framework; name = Security.framework; path = System/Library/Frameworks/Security.framework; sourceTree = SDKROOT; };
		A973D04311D029BA0050BDB1 /* com.backlight.chmodd.plist */ = {isa = PBXFileReference; fileEncoding = 4; lastKnownFileType = text.plist.xml; path = com.backlight.chmodd.plist; sourceTree = "<group>"; };
		A9CE886611BEE3E50076ED35 /* helper.c */ = {isa = PBXFileReference; fileEncoding = 4; lastKnownFileType = sourcecode.c.c; path = helper.c; sourceTree = "<group>"; };
		F506C035013D953901CA16C8 /* PreferencePanes.framework */ = {isa = PBXFileReference; lastKnownFileType = wrapper.framework; name = PreferencePanes.framework; path = /System/Library/Frameworks/PreferencePanes.framework; sourceTree = "<absolute>"; };
		F506C03C013D9D7901CA16C8 /* chmodd_prefpanePref.h */ = {isa = PBXFileReference; fileEncoding = 4; lastKnownFileType = sourcecode.c.h; path = chmodd_prefpanePref.h; sourceTree = "<group>"; };
		F506C03D013D9D7901CA16C8 /* chmodd_prefpanePref.m */ = {isa = PBXFileReference; fileEncoding = 4; lastKnownFileType = sourcecode.c.objc; path = chmodd_prefpanePref.m; sourceTree = "<group>"; };
		F506C040013D9D8001CA16C8 /* chmodd_prefpanePref.tiff */ = {isa = PBXFileReference; lastKnownFileType = image.tiff; path = chmodd_prefpanePref.tiff; sourceTree = "<group>"; };
		F506C043013D9D8C01CA16C8 /* English */ = {isa = PBXFileReference; lastKnownFileType = file.xib; name = English; path = English.lproj/chmodd_prefpanePref.xib; sourceTree = "<group>"; };
/* End PBXFileReference section */

/* Begin PBXFrameworksBuildPhase section */
		8D202CF20486D31800D8A456 /* Frameworks */ = {
			isa = PBXFrameworksBuildPhase;
			buildActionMask = 2147483647;
			files = (
				A919FA3311BDC338004C75BC /* Cocoa.framework in Frameworks */,
				A919FA3511BDC338004C75BC /* PreferencePanes.framework in Frameworks */,
				A919FA3C11BDC353004C75BC /* Security.framework in Frameworks */,
				63B2E34811C6FAF2002A6DEE /* SecurityInterface.framework in Frameworks */,
			);
			runOnlyForDeploymentPostprocessing = 0;
		};
		A919FA2511BDC2D9004C75BC /* Frameworks */ = {
			isa = PBXFrameworksBuildPhase;
			buildActionMask = 2147483647;
			files = (
				A919FA3B11BDC346004C75BC /* Security.framework in Frameworks */,
			);
			runOnlyForDeploymentPostprocessing = 0;
		};
/* End PBXFrameworksBuildPhase section */

/* Begin PBXGroup section */
		089C166AFE841209C02AAC07 /* chmodd_prefpane */ = {
			isa = PBXGroup;
			children = (
				08FB77AFFE84173DC02AAC07 /* Classes */,
				32DBCFA10370C40200C91783 /* Other Sources */,
				089C167CFE841241C02AAC07 /* Resources */,
				089C1671FE841209C02AAC07 /* Frameworks and Libraries */,
				19C28FB8FE9D52D311CA2CBB /* Products */,
			);
			name = chmodd_prefpane;
			sourceTree = "<group>";
		};
		089C1671FE841209C02AAC07 /* Frameworks and Libraries */ = {
			isa = PBXGroup;
			children = (
				1058C7ACFEA557BF11CA2CBB /* Linked Frameworks */,
				1058C7AEFEA557BF11CA2CBB /* Other Frameworks */,
			);
			name = "Frameworks and Libraries";
			sourceTree = "<group>";
		};
		089C167CFE841241C02AAC07 /* Resources */ = {
			isa = PBXGroup;
			children = (
				8D202CF70486D31800D8A456 /* Info.plist */,
				089C167DFE841241C02AAC07 /* InfoPlist.strings */,
				F506C040013D9D8001CA16C8 /* chmodd_prefpanePref.tiff */,
				F506C042013D9D8C01CA16C8 /* chmodd_prefpanePref.xib */,
				A973D04311D029BA0050BDB1 /* com.backlight.chmodd.plist */,
			);
			name = Resources;
			sourceTree = "<group>";
		};
		08FB77AFFE84173DC02AAC07 /* Classes */ = {
			isa = PBXGroup;
			children = (
				F506C03C013D9D7901CA16C8 /* chmodd_prefpanePref.h */,
				F506C03D013D9D7901CA16C8 /* chmodd_prefpanePref.m */,
			);
			name = Classes;
			sourceTree = "<group>";
		};
		1058C7ACFEA557BF11CA2CBB /* Linked Frameworks */ = {
			isa = PBXGroup;
			children = (
				A919FA3211BDC338004C75BC /* Cocoa.framework */,
				A919FA3411BDC338004C75BC /* PreferencePanes.framework */,
				A919FA3A11BDC346004C75BC /* Security.framework */,
				1058C7ADFEA557BF11CA2CBB /* Cocoa.framework */,
				F506C035013D953901CA16C8 /* PreferencePanes.framework */,
				63B2E34711C6FAF2002A6DEE /* SecurityInterface.framework */,
			);
			name = "Linked Frameworks";
			sourceTree = "<group>";
		};
		1058C7AEFEA557BF11CA2CBB /* Other Frameworks */ = {
			isa = PBXGroup;
			children = (
				089C1672FE841209C02AAC07 /* Foundation.framework */,
				089C167FFE841241C02AAC07 /* AppKit.framework */,
			);
			name = "Other Frameworks";
			sourceTree = "<group>";
		};
		19C28FB8FE9D52D311CA2CBB /* Products */ = {
			isa = PBXGroup;
			children = (
				8D202CF80486D31800D8A456 /* chmodd_prefpane.prefPane */,
				A919FA2711BDC2D9004C75BC /* chmodd_prefpane_helper */,
			);
			name = Products;
			sourceTree = "<group>";
		};
		32DBCFA10370C40200C91783 /* Other Sources */ = {
			isa = PBXGroup;
			children = (
				A9CE886611BEE3E50076ED35 /* helper.c */,
				32DBCFA20370C41700C91783 /* chmodd_prefpane_Prefix.pch */,
			);
			name = "Other Sources";
			sourceTree = "<group>";
		};
/* End PBXGroup section */

/* Begin PBXHeadersBuildPhase section */
		8D202CE90486D31800D8A456 /* Headers */ = {
			isa = PBXHeadersBuildPhase;
			buildActionMask = 2147483647;
			files = (
				8D202CEA0486D31800D8A456 /* chmodd_prefpane_Prefix.pch in Headers */,
				8D202CEB0486D31800D8A456 /* chmodd_prefpanePref.h in Headers */,
			);
			runOnlyForDeploymentPostprocessing = 0;
		};
/* End PBXHeadersBuildPhase section */

/* Begin PBXNativeTarget section */
		8D202CE80486D31800D8A456 /* chmodd_prefpane */ = {
			isa = PBXNativeTarget;
			buildConfigurationList = 1DBD214808BA80EA00186707 /* Build configuration list for PBXNativeTarget "chmodd_prefpane" */;
			buildPhases = (
				8D202CE90486D31800D8A456 /* Headers */,
				8D202CEC0486D31800D8A456 /* Resources */,
				8D202CF00486D31800D8A456 /* Sources */,
				8D202CF20486D31800D8A456 /* Frameworks */,
				8D202CF50486D31800D8A456 /* Rez */,
			);
			buildRules = (
			);
			dependencies = (
				A919FA2C11BDC2EB004C75BC /* PBXTargetDependency */,
			);
			name = chmodd_prefpane;
			productInstallPath = "$(HOME)/Library/PreferencePanes";
			productName = chmodd_prefpane;
			productReference = 8D202CF80486D31800D8A456 /* chmodd_prefpane.prefPane */;
			productType = "com.apple.product-type.bundle";
		};
		A919FA2611BDC2D9004C75BC /* chmodd_prefpane_helper */ = {
			isa = PBXNativeTarget;
			buildConfigurationList = A919FA2D11BDC309004C75BC /* Build configuration list for PBXNativeTarget "chmodd_prefpane_helper" */;
			buildPhases = (
				A919FA2411BDC2D9004C75BC /* Sources */,
				A919FA2511BDC2D9004C75BC /* Frameworks */,
			);
			buildRules = (
			);
			dependencies = (
			);
			name = chmodd_prefpane_helper;
			productName = chmodd_prefpane_helper;
			productReference = A919FA2711BDC2D9004C75BC /* chmodd_prefpane_helper */;
			productType = "com.apple.product-type.tool";
		};
/* End PBXNativeTarget section */

/* Begin PBXProject section */
		089C1669FE841209C02AAC07 /* Project object */ = {
			isa = PBXProject;
			attributes = {
				LastUpgradeCheck = 0430;
			};
			buildConfigurationList = 1DBD214C08BA80EA00186707 /* Build configuration list for PBXProject "chmodd_prefpane" */;
			compatibilityVersion = "Xcode 3.2";
			developmentRegion = English;
			hasScannedForEncodings = 1;
			knownRegions = (
				en,
			);
			mainGroup = 089C166AFE841209C02AAC07 /* chmodd_prefpane */;
			projectDirPath = "";
			projectRoot = "";
			targets = (
				8D202CE80486D31800D8A456 /* chmodd_prefpane */,
				A919FA2611BDC2D9004C75BC /* chmodd_prefpane_helper */,
			);
		};
/* End PBXProject section */

/* Begin PBXResourcesBuildPhase section */
		8D202CEC0486D31800D8A456 /* Resources */ = {
			isa = PBXResourcesBuildPhase;
			buildActionMask = 2147483647;
			files = (
				A9C5948914A39D4700AED253 /* chmodd_prefpane_helper in Resources */,
				8D202CED0486D31800D8A456 /* InfoPlist.strings in Resources */,
				8D202CEE0486D31800D8A456 /* chmodd_prefpanePref.tiff in Resources */,
				8D202CEF0486D31800D8A456 /* chmodd_prefpanePref.xib in Resources */,
				A973D04411D029BA0050BDB1 /* com.backlight.chmodd.plist in Resources */,
			);
			runOnlyForDeploymentPostprocessing = 0;
		};
/* End PBXResourcesBuildPhase section */

/* Begin PBXRezBuildPhase section */
		8D202CF50486D31800D8A456 /* Rez */ = {
			isa = PBXRezBuildPhase;
			buildActionMask = 2147483647;
			files = (
			);
			runOnlyForDeploymentPostprocessing = 0;
		};
/* End PBXRezBuildPhase section */

/* Begin PBXSourcesBuildPhase section */
		8D202CF00486D31800D8A456 /* Sources */ = {
			isa = PBXSourcesBuildPhase;
			buildActionMask = 2147483647;
			files = (
				8D202CF10486D31800D8A456 /* chmodd_prefpanePref.m in Sources */,
			);
			runOnlyForDeploymentPostprocessing = 0;
		};
		A919FA2411BDC2D9004C75BC /* Sources */ = {
			isa = PBXSourcesBuildPhase;
			buildActionMask = 2147483647;
			files = (
				A9CE886711BEE3E50076ED35 /* helper.c in Sources */,
			);
			runOnlyForDeploymentPostprocessing = 0;
		};
/* End PBXSourcesBuildPhase section */

/* Begin PBXTargetDependency section */
		A919FA2C11BDC2EB004C75BC /* PBXTargetDependency */ = {
			isa = PBXTargetDependency;
			target = A919FA2611BDC2D9004C75BC /* chmodd_prefpane_helper */;
			targetProxy = A919FA2B11BDC2EB004C75BC /* PBXContainerItemProxy */;
		};
/* End PBXTargetDependency section */

/* Begin PBXVariantGroup section */
		089C167DFE841241C02AAC07 /* InfoPlist.strings */ = {
			isa = PBXVariantGroup;
			children = (
				089C167EFE841241C02AAC07 /* English */,
			);
			name = InfoPlist.strings;
			sourceTree = "<group>";
		};
		F506C042013D9D8C01CA16C8 /* chmodd_prefpanePref.xib */ = {
			isa = PBXVariantGroup;
			children = (
				F506C043013D9D8C01CA16C8 /* English */,
			);
			name = chmodd_prefpanePref.xib;
			sourceTree = "<group>";
		};
/* End PBXVariantGroup section */

/* Begin XCBuildConfiguration section */
		1DBD214908BA80EA00186707 /* Debug */ = {
			isa = XCBuildConfiguration;
			buildSettings = {
				COPY_PHASE_STRIP = NO;
				GCC_DYNAMIC_NO_PIC = NO;
				GCC_MODEL_TUNING = G5;
				GCC_OPTIMIZATION_LEVEL = 0;
				GCC_PRECOMPILE_PREFIX_HEADER = YES;
				GCC_PREFIX_HEADER = chmodd_prefpane_Prefix.pch;
				INFOPLIST_FILE = Info.plist;
				INSTALL_PATH = "$(HOME)/Library/PreferencePanes";
				PRODUCT_NAME = chmodd_prefpane;
				WRAPPER_EXTENSION = prefPane;
				ZERO_LINK = YES;
			};
			name = Debug;
		};
		1DBD214A08BA80EA00186707 /* Release */ = {
			isa = XCBuildConfiguration;
			buildSettings = {
				DEBUG_INFORMATION_FORMAT = "dwarf-with-dsym";
				GCC_MODEL_TUNING = G5;
				GCC_PRECOMPILE_PREFIX_HEADER = YES;
				GCC_PREFIX_HEADER = chmodd_prefpane_Prefix.pch;
				INFOPLIST_FILE = Info.plist;
				INSTALL_PATH = "$(HOME)/Library/PreferencePanes";
				PRODUCT_NAME = chmodd_prefpane;
				WRAPPER_EXTENSION = prefPane;
			};
			name = Release;
		};
		1DBD214D08BA80EA00186707 /* Debug */ = {
			isa = XCBuildConfiguration;
			buildSettings = {
				ARCHS = "$(ARCHS_STANDARD_32_64_BIT)";
				GCC_C_LANGUAGE_STANDARD = gnu99;
				GCC_ENABLE_OBJC_GC = supported;
				GCC_WARN_ABOUT_RETURN_TYPE = YES;
				GCC_WARN_UNUSED_VARIABLE = YES;
				MACOSX_DEPLOYMENT_TARGET = 10.5;
				ONLY_ACTIVE_ARCH = YES;
				SDKROOT = macosx;
				VALID_ARCHS = "i386 ppc x86_64";
			};
			name = Debug;
		};
		1DBD214E08BA80EA00186707 /* Release */ = {
			isa = XCBuildConfiguration;
			buildSettings = {
				ARCHS = "$(ARCHS_STANDARD_32_64_BIT)";
				GCC_C_LANGUAGE_STANDARD = gnu99;
				GCC_ENABLE_OBJC_GC = supported;
				GCC_WARN_ABOUT_RETURN_TYPE = YES;
				GCC_WARN_UNUSED_VARIABLE = YES;
				MACOSX_DEPLOYMENT_TARGET = 10.5;
				SDKROOT = macosx;
				VALID_ARCHS = "i386 ppc x86_64";
			};
			name = Release;
		};
		A919FA2911BDC2D9004C75BC /* Debug */ = {
			isa = XCBuildConfiguration;
			buildSettings = {
				ALWAYS_SEARCH_USER_PATHS = NO;
				COPY_PHASE_STRIP = NO;
				GCC_DYNAMIC_NO_PIC = NO;
				GCC_MODEL_TUNING = G5;
				GCC_OPTIMIZATION_LEVEL = 0;
				INSTALL_PATH = /usr/local/bin;
				PRODUCT_NAME = chmodd_prefpane_helper;
			};
			name = Debug;
		};
		A919FA2A11BDC2D9004C75BC /* Release */ = {
			isa = XCBuildConfiguration;
			buildSettings = {
				ALWAYS_SEARCH_USER_PATHS = NO;
				COPY_PHASE_STRIP = YES;
				DEBUG_INFORMATION_FORMAT = "dwarf-with-dsym";
				GCC_MODEL_TUNING = G5;
				INSTALL_PATH = /usr/local/bin;
				PRODUCT_NAME = chmodd_prefpane_helper;
				ZERO_LINK = NO;
			};
			name = Release;
		};
/* End XCBuildConfiguration section */

/* Begin XCConfigurationList section */
		1DBD214808BA80EA00186707 /* Build configuration list for PBXNativeTarget "chmodd_prefpane" */ = {
			isa = XCConfigurationList;
			buildConfigurations = (
				1DBD214908BA80EA00186707 /* Debug */,
				1DBD214A08BA80EA00186707 /* Release */,
			);
			defaultConfigurationIsVisible = 0;
			defaultConfigurationName = Release;
		};
		1DBD214C08BA80EA00186707 /* Build configuration list for PBXProject "chmodd_prefpane" */ = {
			isa = XCConfigurationList;
			buildConfigurations = (
				1DBD214D08BA80EA00186707 /* Debug */,
				1DBD214E08BA80EA00186707 /* Release */,
			);
			defaultConfigurationIsVisible = 0;
			defaultConfigurationName = Release;
		};
		A919FA2D11BDC309004C75BC /* Build configuration list for PBXNativeTarget "chmodd_prefpane_helper" */ = {
			isa = XCConfigurationList;
			buildConfigurations = (
				A919FA2911BDC2D9004C75BC /* Debug */,
				A919FA2A11BDC2D9004C75BC /* Release */,
			);
			defaultConfigurationIsVisible = 0;
			defaultConfigurationName = Release;
		};
/* End XCConfigurationList section */
	};
	rootObject = 089C1669FE841209C02AAC07 /* Project object */;
}
